{
  "name": "using-kbpgp",
  "version": "0.1.0",
  "lockfileVersion": 1,
  "requires": true,
  "dependencies": {
    "bn": {
      "version": "1.0.1",
      "resolved": "https://registry.npmjs.org/bn/-/bn-1.0.1.tgz",
      "integrity": "sha1-oVOCXmsessLbdyYUmwR6B84KO7M="
    },
    "bzip-deflate": {
      "version": "1.0.0",
      "resolved": "https://registry.npmjs.org/bzip-deflate/-/bzip-deflate-1.0.0.tgz",
      "integrity": "sha1-sC2wB+83vrzCk4Skssb08PTHlsk="
    },
    "commander": {
      "version": "2.17.1",
      "resolved": "https://registry.npmjs.org/commander/-/commander-2.17.1.tgz",
      "integrity": "sha512-wPMUt6FnH2yzG95SA6mzjQOEKUU3aLaDEmzs1ti+1E9h+CsrZghRlqEM/EJ4KscsQVG8uNN4uVreUeT8+drlgg=="
    },
    "deep-equal": {
      "version": "1.0.1",
      "resolved": "https://registry.npmjs.org/deep-equal/-/deep-equal-1.0.1.tgz",
      "integrity": "sha1-9dJgKStmDghO/0zbyfCK0yR0SLU="
    },
    "iced-error": {
      "version": "0.0.13",
      "resolved": "https://registry.npmjs.org/iced-error/-/iced-error-0.0.13.tgz",
      "integrity": "sha512-yEEaG8QfyyRL0SsbNNDw3rVgTyqwHFMCuV6jDvD43f/2shmdaFXkqvFLGhDlsYNSolzYHwVLM/CrXt9GygYopA=="
    },
    "iced-lock": {
      "version": "1.1.0",
      "resolved": "https://registry.npmjs.org/iced-lock/-/iced-lock-1.1.0.tgz",
      "integrity": "sha1-YRbvHKs6zW5rEIk7snumIv0/3nI=",
      "requires": {
        "iced-runtime": "^1.0.0"
      }
    },
    "iced-runtime": {
      "version": "1.0.3",
      "resolved": "https://registry.npmjs.org/iced-runtime/-/iced-runtime-1.0.3.tgz",
      "integrity": "sha1-LU9PuZmreqVDCxk8d6f85BGDGc4="
    },
    "kbpgp": {
      "version": "2.0.82",
      "resolved": "https://registry.npmjs.org/kbpgp/-/kbpgp-2.0.82.tgz",
      "integrity": "sha512-CBcV786ZMOP9FOnpg3ZJC3a++TJb47HPVVkCPpmgSuVS9Cnss+m9j1u/IY9HXzEjys7DTebaoMAzqB05FWPZfg==",
      "requires": {
        "bn": "^1.0.0",
        "bzip-deflate": "^1.0.0",
        "deep-equal": ">=0.2.1",
        "iced-error": ">=0.0.10",
        "iced-lock": "^1.0.2",
        "iced-runtime": "^1.0.3",
        "keybase-ecurve": "^1.0.0",
        "keybase-nacl": "^1.0.0",
        "minimist": "^1.2.0",
        "pgp-utils": ">=0.0.34",
        "purepack": ">=1.0.4",
        "triplesec": ">=3.0.27",
        "tweetnacl": "^0.13.1"
      }
    },
    "keybase-ecurve": {
      "version": "1.0.0",
      "resolved": "https://registry.npmjs.org/keybase-ecurve/-/keybase-ecurve-1.0.0.tgz",
      "integrity": "sha1-xrxyrdpGA/0xhP7n6ZaU7Y/WmtI=",
      "requires": {
        "bn": "^1.0.0"
      }
    },
    "keybase-nacl": {
      "version": "1.0.10",
      "resolved": "https://registry.npmjs.org/keybase-nacl/-/keybase-nacl-1.0.10.tgz",
      "integrity": "sha1-OGWDHpSBUWSI33y9mJRn6VDYeos=",
      "requires": {
        "iced-runtime": "^1.0.2",
        "tweetnacl": "^0.13.1",
        "uint64be": "^1.0.1"
      }
    },
    "minimist": {
      "version": "1.2.0",
      "resolved": "http://registry.npmjs.org/minimist/-/minimist-1.2.0.tgz",
      "integrity": "sha1-o1AIsg9BOD7sH7kU9M1d95omQoQ="
    },
    "more-entropy": {
      "version": "0.0.7",
      "resolved": "https://registry.npmjs.org/more-entropy/-/more-entropy-0.0.7.tgz",
      "integrity": "sha1-Z7/G96hvJvvDeqyD/UbYjGHRCbU=",
      "requires": {
        "iced-runtime": ">=0.0.1"
      }
    },
    "pgp-utils": {
      "version": "0.0.34",
      "resolved": "https://registry.npmjs.org/pgp-utils/-/pgp-utils-0.0.34.tgz",
      "integrity": "sha1-2E9J98GTteC5QV9cxcKmle15DCM=",
      "requires": {
        "iced-error": ">=0.0.8",
        "iced-runtime": ">=0.0.1"
      }
    },
    "progress": {
      "version": "1.1.8",
      "resolved": "http://registry.npmjs.org/progress/-/progress-1.1.8.tgz",
      "integrity": "sha1-4mDHj2Fhzdmw5WzD4Khd4Xx6V74="
    },
    "purepack": {
      "version": "1.0.4",
      "resolved": "https://registry.npmjs.org/purepack/-/purepack-1.0.4.tgz",
      "integrity": "sha1-CGKC/ZOShfWGZLqam7oxzbFlzNI="
    },
    "source-map": {
      "version": "0.6.1",
      "resolved": "https://registry.npmjs.org/source-map/-/source-map-0.6.1.tgz",
      "integrity": "sha512-UjgapumWlbMhkBgzT7Ykc5YXUT46F0iKu8SGXq0bcwP5dz/h0Plj6enJqjz1Zbq2l5WaqYnrVbwWOWMyF3F47g=="
    },
    "triplesec": {
      "version": "3.0.27",
      "resolved": "https://registry.npmjs.org/triplesec/-/triplesec-3.0.27.tgz",
      "integrity": "sha512-FDhkxa3JYnPOerOd+8k+SBmm7cb7KkyX+xXwNFV3XV6dsQgHuRvjtbnzWfPJ2kimeR8ErjZfPd/6r7RH6epHDw==",
      "requires": {
        "iced-error": ">=0.0.9",
        "iced-lock": "^1.0.1",
        "iced-runtime": "^1.0.2",
        "more-entropy": ">=0.0.7",
        "progress": "~1.1.2",
        "uglify-js": "^3.1.9"
      }
    },
    "tweetnacl": {
      "version": "0.13.3",
      "resolved": "https://registry.npmjs.org/tweetnacl/-/tweetnacl-0.13.3.tgz",
      "integrity": "sha1-1ii1bzvMPVrnS6nUwacE3vWrS1Y="
    },
    "uglify-js": {
      "version": "3.4.9",
      "resolved": "https://registry.npmjs.org/uglify-js/-/uglify-js-3.4.9.tgz",
      "integrity": "sha512-8CJsbKOtEbnJsTyv6LE6m6ZKniqMiFWmm9sRbopbkGs3gMPPfd3Fh8iIA4Ykv5MgaTbqHr4BaoGLJLZNhsrW1Q==",
      "requires": {
        "commander": "~2.17.1",
        "source-map": "~0.6.1"
      }
    },
    "uint64be": {
      "version": "1.0.1",
      "resolved": "https://registry.npmjs.org/uint64be/-/uint64be-1.0.1.tgz",
      "integrity": "sha1-H3FUIC8qG4rzU4cd2mUb80zpPpU="
    }
  }
}
